Microsoft Visual Studio Solution File, Format Version 12.00
# Visual Studio Version 18
VisualStudioVersion = 18.0.11205.157
MinimumVisualStudioVersion = 10.0.40219.1
Project("{FAE04EC0-301F-11D3-BF4B-00C04F79EFBC}") = "Api", "..\src\Api\Api.csproj", "{05189BC1-5BA4-A373-6A66-FB2B32546C83}"
EndProject
Project("{2150E333-8FDC-42A3-9474-1A3956D46DE8}") = "Core", "Core", "{AE7E2C31-8868-4E37-B59A-A828499A9F70}"
EndProject
Project("{FAE04EC0-301F-11D3-BF4B-00C04F79EFBC}") = "Identity", "..\src\Core\Identity\Identity.csproj", "{81176158-F895-48A6-9261-E76608355670}"
EndProject
Project("{FAE04EC0-301F-11D3-BF4B-00C04F79EFBC}") = "Report", "..\src\Core\Report\Report.csproj", "{DA36DC15-43E6-433E-8D4A-C0B1CC843575}"
EndProject
Project("{FAE04EC0-301F-11D3-BF4B-00C04F79EFBC}") = "AiPrediction", "..\src\Core\AiPrediction\AiPrediction.csproj", "{073379AC-1B29-4495-BB4D-6AF7613C3482}"
EndProject
Project("{FAE04EC0-301F-11D3-BF4B-00C04F79EFBC}") = "Telemetry", "..\src\Core\Telemetry\Telemetry.csproj", "{5AE837FA-8674-4EF0-9E36-30950A5B26F5}"
EndProject
Project("{FAE04EC0-301F-11D3-BF4B-00C04F79EFBC}") = "Recomendation", "..\src\Core\Recomendation\Recomendation.csproj", "{F9265E31-DD2B-4ADB-B131-386D4AC07331}"
EndProject
Project("{FAE04EC0-301F-11D3-BF4B-00C04F79EFBC}") = "Infrostructure", "..\src\Infrastructure\Infrastructure.csproj", "{0A3FBD8D-3C61-4085-ADC7-C210F0B1FE98}"
EndProject
Global
	GlobalSection(SolutionConfigurationPlatforms) = preSolution
		Debug|Any CPU = Debug|Any CPU
		Release|Any CPU = Release|Any CPU
	EndGlobalSection
	GlobalSection(ProjectConfigurationPlatforms) = postSolution
		{05189BC1-5BA4-A373-6A66-FB2B32546C83}.Debug|Any CPU.ActiveCfg = Debug|Any CPU
		{05189BC1-5BA4-A373-6A66-FB2B32546C83}.Debug|Any CPU.Build.0 = Debug|Any CPU
		{05189BC1-5BA4-A373-6A66-FB2B32546C83}.Release|Any CPU.ActiveCfg = Release|Any CPU
		{05189BC1-5BA4-A373-6A66-FB2B32546C83}.Release|Any CPU.Build.0 = Release|Any CPU
		{81176158-F895-48A6-9261-E76608355670}.Debug|Any CPU.ActiveCfg = Debug|Any CPU
		{81176158-F895-48A6-9261-E76608355670}.Debug|Any CPU.Build.0 = Debug|Any CPU
		{81176158-F895-48A6-9261-E76608355670}.Release|Any CPU.ActiveCfg = Release|Any CPU
		{81176158-F895-48A6-9261-E76608355670}.Release|Any CPU.Build.0 = Release|Any CPU
		{DA36DC15-43E6-433E-8D4A-C0B1CC843575}.Debug|Any CPU.ActiveCfg = Debug|Any CPU
		{DA36DC15-43E6-433E-8D4A-C0B1CC843575}.Debug|Any CPU.Build.0 = Debug|Any CPU
		{DA36DC15-43E6-433E-8D4A-C0B1CC843575}.Release|Any CPU.ActiveCfg = Release|Any CPU
		{DA36DC15-43E6-433E-8D4A-C0B1CC843575}.Release|Any CPU.Build.0 = Release|Any CPU
		{073379AC-1B29-4495-BB4D-6AF7613C3482}.Debug|Any CPU.ActiveCfg = Debug|Any CPU
		{073379AC-1B29-4495-BB4D-6AF7613C3482}.Debug|Any CPU.Build.0 = Debug|Any CPU
		{073379AC-1B29-4495-BB4D-6AF7613C3482}.Release|Any CPU.ActiveCfg = Release|Any CPU
		{073379AC-1B29-4495-BB4D-6AF7613C3482}.Release|Any CPU.Build.0 = Release|Any CPU
		{5AE837FA-8674-4EF0-9E36-30950A5B26F5}.Debug|Any CPU.ActiveCfg = Debug|Any CPU
		{5AE837FA-8674-4EF0-9E36-30950A5B26F5}.Debug|Any CPU.Build.0 = Debug|Any CPU
		{5AE837FA-8674-4EF0-9E36-30950A5B26F5}.Release|Any CPU.ActiveCfg = Release|Any CPU
		{5AE837FA-8674-4EF0-9E36-30950A5B26F5}.Release|Any CPU.Build.0 = Release|Any CPU
		{F9265E31-DD2B-4ADB-B131-386D4AC07331}.Debug|Any CPU.ActiveCfg = Debug|Any CPU
		{F9265E31-DD2B-4ADB-B131-386D4AC07331}.Debug|Any CPU.Build.0 = Debug|Any CPU
		{F9265E31-DD2B-4ADB-B131-386D4AC07331}.Release|Any CPU.ActiveCfg = Release|Any CPU
		{F9265E31-DD2B-4ADB-B131-386D4AC07331}.Release|Any CPU.Build.0 = Release|Any CPU
		{0A3FBD8D-3C61-4085-ADC7-C210F0B1FE98}.Debug|Any CPU.ActiveCfg = Debug|Any CPU
		{0A3FBD8D-3C61-4085-ADC7-C210F0B1FE98}.Debug|Any CPU.Build.0 = Debug|Any CPU
		{0A3FBD8D-3C61-4085-ADC7-C210F0B1FE98}.Release|Any CPU.ActiveCfg = Release|Any CPU
		{0A3FBD8D-3C61-4085-ADC7-C210F0B1FE98}.Release|Any CPU.Build.0 = Release|Any CPU
	EndGlobalSection
	GlobalSection(SolutionProperties) = preSolution
		HideSolutionNode = FALSE
	EndGlobalSection
	GlobalSection(NestedProjects) = preSolution
		{81176158-F895-48A6-9261-E76608355670} = {AE7E2C31-8868-4E37-B59A-A828499A9F70}
		{DA36DC15-43E6-433E-8D4A-C0B1CC843575} = {AE7E2C31-8868-4E37-B59A-A828499A9F70}
		{073379AC-1B29-4495-BB4D-6AF7613C3482} = {AE7E2C31-8868-4E37-B59A-A828499A9F70}
		{5AE837FA-8674-4EF0-9E36-30950A5B26F5} = {AE7E2C31-8868-4E37-B59A-A828499A9F70}
		{F9265E31-DD2B-4ADB-B131-386D4AC07331} = {AE7E2C31-8868-4E37-B59A-A828499A9F70}
	EndGlobalSection
	GlobalSection(ExtensibilityGlobals) = postSolution
		SolutionGuid = {F91F947F-1FB6-414F-A703-ECA308461BB7}
	EndGlobalSection
EndGlobal
